// !$*UTF8*$!
{
	archiveVersion = 1;
	classes = {
	};
	objectVersion = 50;
	objects = {

/* Begin PBXBuildFile section */
		167853302405EDD60012A463 /* AppDelegate.m in Sources */ = {isa = PBXBuildFile; fileRef = 1678532F2405EDD60012A463 /* AppDelegate.m */; };
		167853382405EDD70012A463 /* main.m in Sources */ = {isa = PBXBuildFile; fileRef = 167853372405EDD70012A463 /* main.m */; };
		167853452405EE9C0012A463 /* STPrivilegedTask.m in Sources */ = {isa = PBXBuildFile; fileRef = 167853442405EE9C0012A463 /* STPrivilegedTask.m */; };
		16BAB47D240830FD001715CB /* Images.xcassets in Resources */ = {isa = PBXBuildFile; fileRef = 16BAB47C240830FD001715CB /* Images.xcassets */; };
		16EB0FB82408326000A9E1C6 /* script in Resources */ = {isa = PBXBuildFile; fileRef = 16EB0FB72408326000A9E1C6 /* script */; };
/* End PBXBuildFile section */

/* Begin PBXFileReference section */
		1678532B2405EDD60012A463 /* Remote Access.app */ = {isa = PBXFileReference; explicitFileType = wrapper.application; includeInIndex = 0; path = "Remote Access.app"; sourceTree = BUILT_PRODUCTS_DIR; };
		1678532E2405EDD60012A463 /* AppDelegate.h */ = {isa = PBXFileReference; lastKnownFileType = sourcecode.c.h; path = AppDelegate.h; sourceTree = "<group>"; };
		1678532F2405EDD60012A463 /* AppDelegate.m */ = {isa = PBXFileReference; lastKnownFileType = sourcecode.c.objc; path = AppDelegate.m; sourceTree = "<group>"; };
		167853362405EDD70012A463 /* Info.plist */ = {isa = PBXFileReference; lastKnownFileType = text.plist.xml; path = Info.plist; sourceTree = "<group>"; };
		167853372405EDD70012A463 /* main.m */ = {isa = PBXFileReference; lastKnownFileType = sourcecode.c.objc; path = main.m; sourceTree = "<group>"; };
		167853392405EDD70012A463 /* Remote_Acccess.entitlements */ = {isa = PBXFileReference; lastKnownFileType = text.plist.entitlements; path = Remote_Acccess.entitlements; sourceTree = "<group>"; };
		167853432405EE9C0012A463 /* STPrivilegedTask.h */ = {isa = PBXFileReference; fileEncoding = 4; lastKnownFileType = sourcecode.c.h; path = STPrivilegedTask.h; sourceTree = "<group>"; };
		167853442405EE9C0012A463 /* STPrivilegedTask.m */ = {isa = PBXFileReference; fileEncoding = 4; lastKnownFileType = sourcecode.c.objc; path = STPrivilegedTask.m; sourceTree = "<group>"; };
		16BAB47C240830FD001715CB /* Images.xcassets */ = {isa = PBXFileReference; lastKnownFileType = folder.assetcatalog; path = Images.xcassets; sourceTree = "<group>"; };
		16EB0FB72408326000A9E1C6 /* script */ = {isa = PBXFileReference; fileEncoding = 4; lastKnownFileType = text.script.sh; path = script; sourceTree = "<group>"; };
/* End PBXFileReference section */

/* Begin PBXFrameworksBuildPhase section */
		167853282405EDD60012A463 /* Frameworks */ = {
			isa = PBXFrameworksBuildPhase;
			buildActionMask = 2147483647;
			files = (
			);
			runOnlyForDeploymentPostprocessing = 0;
		};
/* End PBXFrameworksBuildPhase section */

/* Begin PBXGroup section */
		167853222405EDD60012A463 = {
			isa = PBXGroup;
			children = (
				167853422405EE8A0012A463 /* STPrivilegedTask */,
				1678532D2405EDD60012A463 /* Remote Acccess */,
				1678532C2405EDD60012A463 /* Products */,
			);
			sourceTree = "<group>";
		};
		1678532C2405EDD60012A463 /* Products */ = {
			isa = PBXGroup;
			children = (
				1678532B2405EDD60012A463 /* Remote Access.app */,
			);
			name = Products;
			sourceTree = "<group>";
		};
		1678532D2405EDD60012A463 /* Remote Acccess */ = {
			isa = PBXGroup;
			children = (
				167853362405EDD70012A463 /* Info.plist */,
				1678532E2405EDD60012A463 /* AppDelegate.h */,
				1678532F2405EDD60012A463 /* AppDelegate.m */,
				167853372405EDD70012A463 /* main.m */,
				1678533F2405EE070012A463 /* Resources */,
				167853392405EDD70012A463 /* Remote_Acccess.entitlements */,
				16BAB47C240830FD001715CB /* Images.xcassets */,
			);
			path = "Remote Acccess";
			sourceTree = "<group>";
		};
		1678533F2405EE070012A463 /* Resources */ = {
			isa = PBXGroup;
			children = (
				16EB0FB72408326000A9E1C6 /* script */,
			);
			path = Resources;
			sourceTree = "<group>";
		};
		167853422405EE8A0012A463 /* STPrivilegedTask */ = {
			isa = PBXGroup;
			children = (
				167853432405EE9C0012A463 /* STPrivilegedTask.h */,
				167853442405EE9C0012A463 /* STPrivilegedTask.m */,
			);
			path = STPrivilegedTask;
			sourceTree = "<group>";
		};
/* End PBXGroup section */

/* Begin PBXNativeTarget section */
		1678532A2405EDD60012A463 /* Remote Access */ = {
			isa = PBXNativeTarget;
			buildConfigurationList = 1678533C2405EDD70012A463 /* Build configuration list for PBXNativeTarget "Remote Access" */;
			buildPhases = (
				167853272405EDD60012A463 /* Sources */,
				167853282405EDD60012A463 /* Frameworks */,
				167853292405EDD60012A463 /* Resources */,
			);
			buildRules = (
			);
			dependencies = (
			);
			name = "Remote Access";
			productName = "Remote Acccess";
			productReference = 1678532B2405EDD60012A463 /* Remote Access.app */;
			productType = "com.apple.product-type.application";
		};
/* End PBXNativeTarget section */

/* Begin PBXProject section */
		167853232405EDD60012A463 /* Project object */ = {
			isa = PBXProject;
			attributes = {
				LastUpgradeCheck = 1130;
				ORGANIZATIONNAME = "Peet, Inc.";
				TargetAttributes = {
					1678532A2405EDD60012A463 = {
						CreatedOnToolsVersion = 11.3.1;
					};
				};
			};
			buildConfigurationList = 167853262405EDD60012A463 /* Build configuration list for PBXProject "Remote Access" */;
			compatibilityVersion = "Xcode 9.3";
			developmentRegion = en;
			hasScannedForEncodings = 0;
			knownRegions = (
				en,
				Base,
			);
			mainGroup = 167853222405EDD60012A463;
			productRefGroup = 1678532C2405EDD60012A463 /* Products */;
			projectDirPath = "";
			projectRoot = "";
			targets = (
				1678532A2405EDD60012A463 /* Remote Access */,
			);
		};
/* End PBXProject section */

/* Begin PBXResourcesBuildPhase section */
		167853292405EDD60012A463 /* Resources */ = {
			isa = PBXResourcesBuildPhase;
			buildActionMask = 2147483647;
			files = (
				16EB0FB82408326000A9E1C6 /* script in Resources */,
				16BAB47D240830FD001715CB /* Images.xcassets in Resources */,
			);
			runOnlyForDeploymentPostprocessing = 0;
		};
/* End PBXResourcesBuildPhase section */

/* Begin PBXSourcesBuildPhase section */
		167853272405EDD60012A463 /* Sources */ = {
			isa = PBXSourcesBuildPhase;
			buildActionMask = 2147483647;
			files = (
				167853382405EDD70012A463 /* main.m in Sources */,
				167853302405EDD60012A463 /* AppDelegate.m in Sources */,
				167853452405EE9C0012A463 /* STPrivilegedTask.m in Sources */,
			);
			runOnlyForDeploymentPostprocessing = 0;
		};
/* End PBXSourcesBuildPhase section */

/* Begin XCBuildConfiguration section */
		1678533A2405EDD70012A463 /* Debug */ = {
			isa = XCBuildConfiguration;
			buildSettings = {
				ALWAYS_SEARCH_USER_PATHS = NO;
				CLANG_ANALYZER_NONNULL = YES;
				CLANG_ANALYZER_NUMBER_OBJECT_CONVERSION = YES_AGGRESSIVE;
				CLANG_CXX_LANGUAGE_STANDARD = "gnu++14";
				CLANG_CXX_LIBRARY = "libc++";
				CLANG_ENABLE_MODULES = YES;
				CLANG_ENABLE_OBJC_ARC = YES;
				CLANG_ENABLE_OBJC_WEAK = YES;
				CLANG_WARN_BLOCK_CAPTURE_AUTORELEASING = YES;
				CLANG_WARN_BOOL_CONVERSION = YES;
				CLANG_WARN_COMMA = YES;
				CLANG_WARN_CONSTANT_CONVERSION = YES;
				CLANG_WARN_DEPRECATED_OBJC_IMPLEMENTATIONS = YES;
				CLANG_WARN_DIRECT_OBJC_ISA_USAGE = YES_ERROR;
				CLANG_WARN_DOCUMENTATION_COMMENTS = YES;
				CLANG_WARN_EMPTY_BODY = YES;
				CLANG_WARN_ENUM_CONVERSION = YES;
				CLANG_WARN_INFINITE_RECURSION = YES;
				CLANG_WARN_INT_CONVERSION = YES;
				CLANG_WARN_NON_LITERAL_NULL_CONVERSION = YES;
				CLANG_WARN_OBJC_IMPLICIT_RETAIN_SELF = YES;
				CLANG_WARN_OBJC_LITERAL_CONVERSION = YES;
				CLANG_WARN_OBJC_ROOT_CLASS = YES_ERROR;
				CLANG_WARN_RANGE_LOOP_ANALYSIS = YES;
				CLANG_WARN_STRICT_PROTOTYPES = YES;
				CLANG_WARN_SUSPICIOUS_MOVE = YES;
				CLANG_WARN_UNGUARDED_AVAILABILITY = YES_AGGRESSIVE;
				CLANG_WARN_UNREACHABLE_CODE = YES;
				CLANG_WARN__DUPLICATE_METHOD_MATCH = YES;
				CODE_SIGN_INJECT_BASE_ENTITLEMENTS = NO;
				COPY_PHASE_STRIP = NO;
				DEBUG_INFORMATION_FORMAT = dwarf;
				ENABLE_STRICT_OBJC_MSGSEND = YES;
				ENABLE_TESTABILITY = YES;
				GCC_C_LANGUAGE_STANDARD = gnu11;
				GCC_DYNAMIC_NO_PIC = NO;
				GCC_NO_COMMON_BLOCKS = YES;
				GCC_OPTIMIZATION_LEVEL = s;
				GCC_PREPROCESSOR_DEFINITIONS = (
					"DEBUG=1",
					"$(inherited)",
				);
				GCC_WARN_64_TO_32_BIT_CONVERSION = YES;
				GCC_WARN_ABOUT_RETURN_TYPE = YES_ERROR;
				GCC_WARN_UNDECLARED_SELECTOR = YES;
				GCC_WARN_UNINITIALIZED_AUTOS = YES_AGGRESSIVE;
				GCC_WARN_UNUSED_FUNCTION = YES;
				GCC_WARN_UNUSED_VARIABLE = YES;
				MACOSX_DEPLOYMENT_TARGET = 10.9;
				MTL_ENABLE_DEBUG_INFO = INCLUDE_SOURCE;
				MTL_FAST_MATH = YES;
				ONLY_ACTIVE_ARCH = YES;
				SDKROOT = macosx;
			};
			name = Debug;
		};
		1678533B2405EDD70012A463 /* Release */ = {
			isa = XCBuildConfiguration;
			buildSettings = {
				ALWAYS_SEARCH_USER_PATHS = NO;
				CLANG_ANALYZER_NONNULL = YES;
				CLANG_ANALYZER_NUMBER_OBJECT_CONVERSION = YES_AGGRESSIVE;
				CLANG_CXX_LANGUAGE_STANDARD = "gnu++14";
				CLANG_CXX_LIBRARY = "libc++";
				CLANG_ENABLE_MODULES = YES;
				CLANG_ENABLE_OBJC_ARC = YES;
				CLANG_ENABLE_OBJC_WEAK = YES;
				CLANG_WARN_BLOCK_CAPTURE_AUTORELEASING = YES;
				CLANG_WARN_BOOL_CONVERSION = YES;
				CLANG_WARN_COMMA = YES;
				CLANG_WARN_CONSTANT_CONVERSION = YES;
				CLANG_WARN_DEPRECATED_OBJC_IMPLEMENTATIONS = YES;
				CLANG_WARN_DIRECT_OBJC_ISA_USAGE = YES_ERROR;
				CLANG_WARN_DOCUMENTATION_COMMENTS = YES;
				CLANG_WARN_EMPTY_BODY = YES;
				CLANG_WARN_ENUM_CONVERSION = YES;
				CLANG_WARN_INFINITE_RECURSION = YES;
				CLANG_WARN_INT_CONVERSION = YES;
				CLANG_WARN_NON_LITERAL_NULL_CONVERSION = YES;
				CLANG_WARN_OBJC_IMPLICIT_RETAIN_SELF = YES;
				CLANG_WARN_OBJC_LITERAL_CONVERSION = YES;
				CLANG_WARN_OBJC_ROOT_CLASS = YES_ERROR;
				CLANG_WARN_RANGE_LOOP_ANALYSIS = YES;
				CLANG_WARN_STRICT_PROTOTYPES = YES;
				CLANG_WARN_SUSPICIOUS_MOVE = YES;
				CLANG_WARN_UNGUARDED_AVAILABILITY = YES_AGGRESSIVE;
				CLANG_WARN_UNREACHABLE_CODE = YES;
				CLANG_WARN__DUPLICATE_METHOD_MATCH = YES;
				CODE_SIGN_INJECT_BASE_ENTITLEMENTS = NO;
				COPY_PHASE_STRIP = NO;
				DEBUG_INFORMATION_FORMAT = "dwarf-with-dsym";
				ENABLE_NS_ASSERTIONS = NO;
				ENABLE_STRICT_OBJC_MSGSEND = YES;
				GCC_C_LANGUAGE_STANDARD = gnu11;
				GCC_NO_COMMON_BLOCKS = YES;
				GCC_WARN_64_TO_32_BIT_CONVERSION = YES;
				GCC_WARN_ABOUT_RETURN_TYPE = YES_ERROR;
				GCC_WARN_UNDECLARED_SELECTOR = YES;
				GCC_WARN_UNINITIALIZED_AUTOS = YES_AGGRESSIVE;
				GCC_WARN_UNUSED_FUNCTION = YES;
				GCC_WARN_UNUSED_VARIABLE = YES;
				MACOSX_DEPLOYMENT_TARGET = 10.9;
				MTL_ENABLE_DEBUG_INFO = NO;
				MTL_FAST_MATH = YES;
				SDKROOT = macosx;
			};
			name = Release;
		};
		1678533D2405EDD70012A463 /* Debug */ = {
			isa = XCBuildConfiguration;
			buildSettings = {
				ASSETCATALOG_COMPILER_APPICON_NAME = "AppIcon-RA";
				CODE_SIGN_ENTITLEMENTS = "Remote Acccess/Remote_Acccess.entitlements";
				CODE_SIGN_IDENTITY = "Apple Development";
				CODE_SIGN_STYLE = Automatic;
				COMBINE_HIDPI_IMAGES = YES;
				DEVELOPMENT_TEAM = UW6CS5W75L;
				ENABLE_HARDENED_RUNTIME = YES;
				INFOPLIST_FILE = "Remote Acccess/Info.plist";
				LD_RUNPATH_SEARCH_PATHS = (
					"$(inherited)",
					"@executable_path/../Frameworks",
				);
				MACOSX_DEPLOYMENT_TARGET = 10.9;
				MARKETING_VERSION = 1.2.0;
				PRODUCT_BUNDLE_IDENTIFIER = com.github.RemoteAccess;
				PRODUCT_NAME = "$(TARGET_NAME)";
				PROVISIONING_PROFILE_SPECIFIER = "";
			};
			name = Debug;
		};
		1678533E2405EDD70012A463 /* Release */ = {
			isa = XCBuildConfiguration;
			buildSettings = {
				ASSETCATALOG_COMPILER_APPICON_NAME = "AppIcon-RA";
				CODE_SIGN_ENTITLEMENTS = "Remote Acccess/Remote_Acccess.entitlements";
				CODE_SIGN_IDENTITY = "Apple Development";
				CODE_SIGN_STYLE = Automatic;
				COMBINE_HIDPI_IMAGES = YES;
				DEVELOPMENT_TEAM = UW6CS5W75L;
				ENABLE_HARDENED_RUNTIME = YES;
				INFOPLIST_FILE = "Remote Acccess/Info.plist";
				LD_RUNPATH_SEARCH_PATHS = (
					"$(inherited)",
					"@executable_path/../Frameworks",
				);
				MACOSX_DEPLOYMENT_TARGET = 10.9;
				MARKETING_VERSION = 1.2.0;
				PRODUCT_BUNDLE_IDENTIFIER = com.github.RemoteAccess;
				PRODUCT_NAME = "$(TARGET_NAME)";
				PROVISIONING_PROFILE_SPECIFIER = "";
			};
			name = Release;
		};
/* End XCBuildConfiguration section */

/* Begin XCConfigurationList section */
		167853262405EDD60012A463 /* Build configuration list for PBXProject "Remote Access" */ = {
			isa = XCConfigurationList;
			buildConfigurations = (
				1678533A2405EDD70012A463 /* Debug */,
				1678533B2405EDD70012A463 /* Release */,
			);
			defaultConfigurationIsVisible = 0;
			defaultConfigurationName = Release;
		};
		1678533C2405EDD70012A463 /* Build configuration list for PBXNativeTarget "Remote Access" */ = {
			isa = XCConfigurationList;
			buildConfigurations = (
				1678533D2405EDD70012A463 /* Debug */,
				1678533E2405EDD70012A463 /* Release */,
			);
			defaultConfigurationIsVisible = 0;
			defaultConfigurationName = Release;
		};
/* End XCConfigurationList section */
	};
	rootObject = 167853232405EDD60012A463 /* Project object */;
}
